
Microsoft Visual Studio Solution File, Format Version 12.00
Project("{FAE04EC0-301F-11D3-BF4B-00C04F79EFBC}") = "API", "API\API.csproj", "{FC97F152-AEA3-4B6E-A6EB-B8C85E48E875}"
EndProject
Project("{FAE04EC0-301F-11D3-BF4B-00C04F79EFBC}") = "Core", "Core\Core.csproj", "{DA9BC3F5-D7D1-4615-B8C7-04650C7F9D8C}"
EndProject
Project("{FAE04EC0-301F-11D3-BF4B-00C04F79EFBC}") = "Infrastructure", "Infrastructure\Infrastructure.csproj", "{D5C1B122-CBB3-44FB-95E1-F843C37B9F56}"
EndProject
Global
	GlobalSection(SolutionConfigurationPlatforms) = preSolution
		Debug|Any CPU = Debug|Any CPU
		Release|Any CPU = Release|Any CPU
	EndGlobalSection
	GlobalSection(ProjectConfigurationPlatforms) = postSolution
		{FC97F152-AEA3-4B6E-A6EB-B8C85E48E875}.Debug|Any CPU.ActiveCfg = Debug|Any CPU
		{FC97F152-AEA3-4B6E-A6EB-B8C85E48E875}.Debug|Any CPU.Build.0 = Debug|Any CPU
		{FC97F152-AEA3-4B6E-A6EB-B8C85E48E875}.Release|Any CPU.ActiveCfg = Release|Any CPU
		{FC97F152-AEA3-4B6E-A6EB-B8C85E48E875}.Release|Any CPU.Build.0 = Release|Any CPU
		{DA9BC3F5-D7D1-4615-B8C7-04650C7F9D8C}.Debug|Any CPU.ActiveCfg = Debug|Any CPU
		{DA9BC3F5-D7D1-4615-B8C7-04650C7F9D8C}.Debug|Any CPU.Build.0 = Debug|Any CPU
		{DA9BC3F5-D7D1-4615-B8C7-04650C7F9D8C}.Release|Any CPU.ActiveCfg = Release|Any CPU
		{DA9BC3F5-D7D1-4615-B8C7-04650C7F9D8C}.Release|Any CPU.Build.0 = Release|Any CPU
		{D5C1B122-CBB3-44FB-95E1-F843C37B9F56}.Debug|Any CPU.ActiveCfg = Debug|Any CPU
		{D5C1B122-CBB3-44FB-95E1-F843C37B9F56}.Debug|Any CPU.Build.0 = Debug|Any CPU
		{D5C1B122-CBB3-44FB-95E1-F843C37B9F56}.Release|Any CPU.ActiveCfg = Release|Any CPU
		{D5C1B122-CBB3-44FB-95E1-F843C37B9F56}.Release|Any CPU.Build.0 = Release|Any CPU
	EndGlobalSection
EndGlobal
